
Microsoft Visual Studio Solution File, Format Version 12.00
# Visual Studio 15
VisualStudioVersion = 15.0.28307.421
MinimumVisualStudioVersion = 10.0.40219.1
Project("{FAE04EC0-301F-11D3-BF4B-00C04F79EFBC}") = "TextProcess", "TextProcess\TextProcess.csproj", "{C99744AA-FDDB-45E7-BCB3-5CDAD4A951E7}"
EndProject
Project("{FAE04EC0-301F-11D3-BF4B-00C04F79EFBC}") = "Arithmetics", "Arithmetics\Arithmetics.csproj", "{99624620-0C78-4484-ABD2-11A430C8A327}"
EndProject
Global
	GlobalSection(SolutionConfigurationPlatforms) = preSolution
		Debug|Any CPU = Debug|Any CPU
		Release|Any CPU = Release|Any CPU
	EndGlobalSection
	GlobalSection(ProjectConfigurationPlatforms) = postSolution
		{C99744AA-FDDB-45E7-BCB3-5CDAD4A951E7}.Debug|Any CPU.ActiveCfg = Debug|Any CPU
		{C99744AA-FDDB-45E7-BCB3-5CDAD4A951E7}.Debug|Any CPU.Build.0 = Debug|Any CPU
		{C99744AA-FDDB-45E7-BCB3-5CDAD4A951E7}.Release|Any CPU.ActiveCfg = Release|Any CPU
		{C99744AA-FDDB-45E7-BCB3-5CDAD4A951E7}.Release|Any CPU.Build.0 = Release|Any CPU
		{99624620-0C78-4484-ABD2-11A430C8A327}.Debug|Any CPU.ActiveCfg = Debug|Any CPU
		{99624620-0C78-4484-ABD2-11A430C8A327}.Debug|Any CPU.Build.0 = Debug|Any CPU
		{99624620-0C78-4484-ABD2-11A430C8A327}.Release|Any CPU.ActiveCfg = Release|Any CPU
		{99624620-0C78-4484-ABD2-11A430C8A327}.Release|Any CPU.Build.0 = Release|Any CPU
	EndGlobalSection
	GlobalSection(SolutionProperties) = preSolution
		HideSolutionNode = FALSE
	EndGlobalSection
	GlobalSection(ExtensibilityGlobals) = postSolution
		SolutionGuid = {653F1068-249D-45EF-BDCA-1F240A5167AE}
	EndGlobalSection
EndGlobal
